
Microsoft Visual Studio Solution File, Format Version 12.00
# Visual Studio 14
VisualStudioVersion = 14.0.23107.0
MinimumVisualStudioVersion = 10.0.40219.1
Project("{FAE04EC0-301F-11D3-BF4B-00C04F79EFBC}") = "cot.service", "cot.service\cot.service.csproj", "{4140DAEB-CFAB-4DB1-B6B1-652B3F4EB935}"
EndProject
Project("{FAE04EC0-301F-11D3-BF4B-00C04F79EFBC}") = "cot.client.drinker.core", "cot.client.drinker.core\cot.client.drinker.core.csproj", "{DD5FEE69-5164-4B40-AAF8-4DD21AFF4164}"
EndProject
Project("{FAE04EC0-301F-11D3-BF4B-00C04F79EFBC}") = "cot.client.maker.core", "cot.client.maker.core\cot.client.maker.core.csproj", "{EA8F1658-1477-4268-90CD-1B29DDF5326F}"
EndProject
Project("{FAE04EC0-301F-11D3-BF4B-00C04F79EFBC}") = "cot.client.drinker.uwp", "cot.client.drinker.uwp\cot.client.drinker.uwp.csproj", "{8C29F581-5609-4AFC-9B7C-9BF069E023C9}"
EndProject
Project("{FAE04EC0-301F-11D3-BF4B-00C04F79EFBC}") = "cot.client.drinker.droid", "cot.client.drinker.droid\cot.client.drinker.droid.csproj", "{9EED9077-AFC8-460F-9CBA-75ADC51C3D63}"
EndProject
Project("{FAE04EC0-301F-11D3-BF4B-00C04F79EFBC}") = "cot.client.drinker.iosphone", "cot.client.drinker.iosphone\cot.client.drinker.iosphone.csproj", "{56BF1FE6-EBA8-4803-B8A6-434D0D7BF5F1}"
EndProject
Project("{2150E333-8FDC-42A3-9474-1A3956D46DE8}") = "client", "client", "{304E7D2E-E047-4F1D-A4E6-8C903D845E4E}"
EndProject
Project("{2150E333-8FDC-42A3-9474-1A3956D46DE8}") = "drinker", "drinker", "{CD304772-6D53-45D7-B3CB-D341D3FC5287}"
EndProject
Project("{2150E333-8FDC-42A3-9474-1A3956D46DE8}") = "maker", "maker", "{24250C9C-0FCE-4EBB-9F7D-AB7C27F688CD}"
EndProject
Project("{FAE04EC0-301F-11D3-BF4B-00C04F79EFBC}") = "cot.client.maker.droid", "cot.client.maker.droid\cot.client.maker.droid.csproj", "{3200F009-C236-4886-B791-5122EB718460}"
EndProject
Project("{FAE04EC0-301F-11D3-BF4B-00C04F79EFBC}") = "cot.client.maker.iospad", "cot.client.maker.iospad\cot.client.maker.iospad.csproj", "{EE754499-56EE-4009-8C74-D9A871CB82BD}"
EndProject
Project("{FAE04EC0-301F-11D3-BF4B-00C04F79EFBC}") = "cot.client.maker.uwp", "cot.client.maker.uwp\cot.client.maker.uwp.csproj", "{89741063-1EEB-4F12-9004-9AF4E715C5CF}"
EndProject
Project("{2150E333-8FDC-42A3-9474-1A3956D46DE8}") = "service", "service", "{4B1A9DED-145F-4A4C-8A3C-E0854160841A}"
EndProject
Global
	GlobalSection(SolutionConfigurationPlatforms) = preSolution
		Ad-Hoc|Any CPU = Ad-Hoc|Any CPU
		Ad-Hoc|ARM = Ad-Hoc|ARM
		Ad-Hoc|iPhone = Ad-Hoc|iPhone
		Ad-Hoc|iPhoneSimulator = Ad-Hoc|iPhoneSimulator
		Ad-Hoc|x64 = Ad-Hoc|x64
		Ad-Hoc|x86 = Ad-Hoc|x86
		AppStore|Any CPU = AppStore|Any CPU
		AppStore|ARM = AppStore|ARM
		AppStore|iPhone = AppStore|iPhone
		AppStore|iPhoneSimulator = AppStore|iPhoneSimulator
		AppStore|x64 = AppStore|x64
		AppStore|x86 = AppStore|x86
		Debug|Any CPU = Debug|Any CPU
		Debug|ARM = Debug|ARM
		Debug|iPhone = Debug|iPhone
		Debug|iPhoneSimulator = Debug|iPhoneSimulator
		Debug|x64 = Debug|x64
		Debug|x86 = Debug|x86
		Release|Any CPU = Release|Any CPU
		Release|ARM = Release|ARM
		Release|iPhone = Release|iPhone
		Release|iPhoneSimulator = Release|iPhoneSimulator
		Release|x64 = Release|x64
		Release|x86 = Release|x86
	EndGlobalSection
	GlobalSection(ProjectConfigurationPlatforms) = postSolution
		{4140DAEB-CFAB-4DB1-B6B1-652B3F4EB935}.Ad-Hoc|Any CPU.ActiveCfg = Release|Any CPU
		{4140DAEB-CFAB-4DB1-B6B1-652B3F4EB935}.Ad-Hoc|Any CPU.Build.0 = Release|Any CPU
		{4140DAEB-CFAB-4DB1-B6B1-652B3F4EB935}.Ad-Hoc|ARM.ActiveCfg = Release|Any CPU
		{4140DAEB-CFAB-4DB1-B6B1-652B3F4EB935}.Ad-Hoc|ARM.Build.0 = Release|Any CPU
		{4140DAEB-CFAB-4DB1-B6B1-652B3F4EB935}.Ad-Hoc|iPhone.ActiveCfg = Release|Any CPU
		{4140DAEB-CFAB-4DB1-B6B1-652B3F4EB935}.Ad-Hoc|iPhone.Build.0 = Release|Any CPU
		{4140DAEB-CFAB-4DB1-B6B1-652B3F4EB935}.Ad-Hoc|iPhoneSimulator.ActiveCfg = Release|Any CPU
		{4140DAEB-CFAB-4DB1-B6B1-652B3F4EB935}.Ad-Hoc|iPhoneSimulator.Build.0 = Release|Any CPU
		{4140DAEB-CFAB-4DB1-B6B1-652B3F4EB935}.Ad-Hoc|x64.ActiveCfg = Release|Any CPU
		{4140DAEB-CFAB-4DB1-B6B1-652B3F4EB935}.Ad-Hoc|x64.Build.0 = Release|Any CPU
		{4140DAEB-CFAB-4DB1-B6B1-652B3F4EB935}.Ad-Hoc|x86.ActiveCfg = Release|Any CPU
		{4140DAEB-CFAB-4DB1-B6B1-652B3F4EB935}.Ad-Hoc|x86.Build.0 = Release|Any CPU
		{4140DAEB-CFAB-4DB1-B6B1-652B3F4EB935}.AppStore|Any CPU.ActiveCfg = Release|Any CPU
		{4140DAEB-CFAB-4DB1-B6B1-652B3F4EB935}.AppStore|Any CPU.Build.0 = Release|Any CPU
		{4140DAEB-CFAB-4DB1-B6B1-652B3F4EB935}.AppStore|ARM.ActiveCfg = Release|Any CPU
		{4140DAEB-CFAB-4DB1-B6B1-652B3F4EB935}.AppStore|ARM.Build.0 = Release|Any CPU
		{4140DAEB-CFAB-4DB1-B6B1-652B3F4EB935}.AppStore|iPhone.ActiveCfg = Release|Any CPU
		{4140DAEB-CFAB-4DB1-B6B1-652B3F4EB935}.AppStore|iPhone.Build.0 = Release|Any CPU
		{4140DAEB-CFAB-4DB1-B6B1-652B3F4EB935}.AppStore|iPhoneSimulator.ActiveCfg = Release|Any CPU
		{4140DAEB-CFAB-4DB1-B6B1-652B3F4EB935}.AppStore|iPhoneSimulator.Build.0 = Release|Any CPU
		{4140DAEB-CFAB-4DB1-B6B1-652B3F4EB935}.AppStore|x64.ActiveCfg = Release|Any CPU
		{4140DAEB-CFAB-4DB1-B6B1-652B3F4EB935}.AppStore|x64.Build.0 = Release|Any CPU
		{4140DAEB-CFAB-4DB1-B6B1-652B3F4EB935}.AppStore|x86.ActiveCfg = Release|Any CPU
		{4140DAEB-CFAB-4DB1-B6B1-652B3F4EB935}.AppStore|x86.Build.0 = Release|Any CPU
		{4140DAEB-CFAB-4DB1-B6B1-652B3F4EB935}.Debug|Any CPU.ActiveCfg = Debug|Any CPU
		{4140DAEB-CFAB-4DB1-B6B1-652B3F4EB935}.Debug|Any CPU.Build.0 = Debug|Any CPU
		{4140DAEB-CFAB-4DB1-B6B1-652B3F4EB935}.Debug|ARM.ActiveCfg = Debug|Any CPU
		{4140DAEB-CFAB-4DB1-B6B1-652B3F4EB935}.Debug|ARM.Build.0 = Debug|Any CPU
		{4140DAEB-CFAB-4DB1-B6B1-652B3F4EB935}.Debug|iPhone.ActiveCfg = Debug|Any CPU
		{4140DAEB-CFAB-4DB1-B6B1-652B3F4EB935}.Debug|iPhone.Build.0 = Debug|Any CPU
		{4140DAEB-CFAB-4DB1-B6B1-652B3F4EB935}.Debug|iPhoneSimulator.ActiveCfg = Debug|Any CPU
		{4140DAEB-CFAB-4DB1-B6B1-652B3F4EB935}.Debug|iPhoneSimulator.Build.0 = Debug|Any CPU
		{4140DAEB-CFAB-4DB1-B6B1-652B3F4EB935}.Debug|x64.ActiveCfg = Debug|Any CPU
		{4140DAEB-CFAB-4DB1-B6B1-652B3F4EB935}.Debug|x64.Build.0 = Debug|Any CPU
		{4140DAEB-CFAB-4DB1-B6B1-652B3F4EB935}.Debug|x86.ActiveCfg = Debug|Any CPU
		{4140DAEB-CFAB-4DB1-B6B1-652B3F4EB935}.Debug|x86.Build.0 = Debug|Any CPU
		{4140DAEB-CFAB-4DB1-B6B1-652B3F4EB935}.Release|Any CPU.ActiveCfg = Release|Any CPU
		{4140DAEB-CFAB-4DB1-B6B1-652B3F4EB935}.Release|Any CPU.Build.0 = Release|Any CPU
		{4140DAEB-CFAB-4DB1-B6B1-652B3F4EB935}.Release|ARM.ActiveCfg = Release|Any CPU
		{4140DAEB-CFAB-4DB1-B6B1-652B3F4EB935}.Release|ARM.Build.0 = Release|Any CPU
		{4140DAEB-CFAB-4DB1-B6B1-652B3F4EB935}.Release|iPhone.ActiveCfg = Release|Any CPU
		{4140DAEB-CFAB-4DB1-B6B1-652B3F4EB935}.Release|iPhone.Build.0 = Release|Any CPU
		{4140DAEB-CFAB-4DB1-B6B1-652B3F4EB935}.Release|iPhoneSimulator.ActiveCfg = Release|Any CPU
		{4140DAEB-CFAB-4DB1-B6B1-652B3F4EB935}.Release|iPhoneSimulator.Build.0 = Release|Any CPU
		{4140DAEB-CFAB-4DB1-B6B1-652B3F4EB935}.Release|x64.ActiveCfg = Release|Any CPU
		{4140DAEB-CFAB-4DB1-B6B1-652B3F4EB935}.Release|x64.Build.0 = Release|Any CPU
		{4140DAEB-CFAB-4DB1-B6B1-652B3F4EB935}.Release|x86.ActiveCfg = Release|Any CPU
		{4140DAEB-CFAB-4DB1-B6B1-652B3F4EB935}.Release|x86.Build.0 = Release|Any CPU
		{DD5FEE69-5164-4B40-AAF8-4DD21AFF4164}.Ad-Hoc|Any CPU.ActiveCfg = Release|Any CPU
		{DD5FEE69-5164-4B40-AAF8-4DD21AFF4164}.Ad-Hoc|Any CPU.Build.0 = Release|Any CPU
		{DD5FEE69-5164-4B40-AAF8-4DD21AFF4164}.Ad-Hoc|ARM.ActiveCfg = Release|Any CPU
		{DD5FEE69-5164-4B40-AAF8-4DD21AFF4164}.Ad-Hoc|ARM.Build.0 = Release|Any CPU
		{DD5FEE69-5164-4B40-AAF8-4DD21AFF4164}.Ad-Hoc|iPhone.ActiveCfg = Release|Any CPU
		{DD5FEE69-5164-4B40-AAF8-4DD21AFF4164}.Ad-Hoc|iPhone.Build.0 = Release|Any CPU
		{DD5FEE69-5164-4B40-AAF8-4DD21AFF4164}.Ad-Hoc|iPhoneSimulator.ActiveCfg = Release|Any CPU
		{DD5FEE69-5164-4B40-AAF8-4DD21AFF4164}.Ad-Hoc|iPhoneSimulator.Build.0 = Release|Any CPU
		{DD5FEE69-5164-4B40-AAF8-4DD21AFF4164}.Ad-Hoc|x64.ActiveCfg = Release|Any CPU
		{DD5FEE69-5164-4B40-AAF8-4DD21AFF4164}.Ad-Hoc|x64.Build.0 = Release|Any CPU
		{DD5FEE69-5164-4B40-AAF8-4DD21AFF4164}.Ad-Hoc|x86.ActiveCfg = Release|Any CPU
		{DD5FEE69-5164-4B40-AAF8-4DD21AFF4164}.Ad-Hoc|x86.Build.0 = Release|Any CPU
		{DD5FEE69-5164-4B40-AAF8-4DD21AFF4164}.AppStore|Any CPU.ActiveCfg = Release|Any CPU
		{DD5FEE69-5164-4B40-AAF8-4DD21AFF4164}.AppStore|Any CPU.Build.0 = Release|Any CPU
		{DD5FEE69-5164-4B40-AAF8-4DD21AFF4164}.AppStore|ARM.ActiveCfg = Release|Any CPU
		{DD5FEE69-5164-4B40-AAF8-4DD21AFF4164}.AppStore|ARM.Build.0 = Release|Any CPU
		{DD5FEE69-5164-4B40-AAF8-4DD21AFF4164}.AppStore|iPhone.ActiveCfg = Release|Any CPU
		{DD5FEE69-5164-4B40-AAF8-4DD21AFF4164}.AppStore|iPhone.Build.0 = Release|Any CPU
		{DD5FEE69-5164-4B40-AAF8-4DD21AFF4164}.AppStore|iPhoneSimulator.ActiveCfg = Release|Any CPU
		{DD5FEE69-5164-4B40-AAF8-4DD21AFF4164}.AppStore|iPhoneSimulator.Build.0 = Release|Any CPU
		{DD5FEE69-5164-4B40-AAF8-4DD21AFF4164}.AppStore|x64.ActiveCfg = Release|Any CPU
		{DD5FEE69-5164-4B40-AAF8-4DD21AFF4164}.AppStore|x64.Build.0 = Release|Any CPU
		{DD5FEE69-5164-4B40-AAF8-4DD21AFF4164}.AppStore|x86.ActiveCfg = Release|Any CPU
		{DD5FEE69-5164-4B40-AAF8-4DD21AFF4164}.AppStore|x86.Build.0 = Release|Any CPU
		{DD5FEE69-5164-4B40-AAF8-4DD21AFF4164}.Debug|Any CPU.ActiveCfg = Debug|Any CPU
		{DD5FEE69-5164-4B40-AAF8-4DD21AFF4164}.Debug|Any CPU.Build.0 = Debug|Any CPU
		{DD5FEE69-5164-4B40-AAF8-4DD21AFF4164}.Debug|ARM.ActiveCfg = Debug|Any CPU
		{DD5FEE69-5164-4B40-AAF8-4DD21AFF4164}.Debug|ARM.Build.0 = Debug|Any CPU
		{DD5FEE69-5164-4B40-AAF8-4DD21AFF4164}.Debug|iPhone.ActiveCfg = Debug|Any CPU
		{DD5FEE69-5164-4B40-AAF8-4DD21AFF4164}.Debug|iPhone.Build.0 = Debug|Any CPU
		{DD5FEE69-5164-4B40-AAF8-4DD21AFF4164}.Debug|iPhoneSimulator.ActiveCfg = Debug|Any CPU
		{DD5FEE69-5164-4B40-AAF8-4DD21AFF4164}.Debug|iPhoneSimulator.Build.0 = Debug|Any CPU
		{DD5FEE69-5164-4B40-AAF8-4DD21AFF4164}.Debug|x64.ActiveCfg = Debug|Any CPU
		{DD5FEE69-5164-4B40-AAF8-4DD21AFF4164}.Debug|x64.Build.0 = Debug|Any CPU
		{DD5FEE69-5164-4B40-AAF8-4DD21AFF4164}.Debug|x86.ActiveCfg = Debug|Any CPU
		{DD5FEE69-5164-4B40-AAF8-4DD21AFF4164}.Debug|x86.Build.0 = Debug|Any CPU
		{DD5FEE69-5164-4B40-AAF8-4DD21AFF4164}.Release|Any CPU.ActiveCfg = Release|Any CPU
		{DD5FEE69-5164-4B40-AAF8-4DD21AFF4164}.Release|Any CPU.Build.0 = Release|Any CPU
		{DD5FEE69-5164-4B40-AAF8-4DD21AFF4164}.Release|ARM.ActiveCfg = Release|Any CPU
		{DD5FEE69-5164-4B40-AAF8-4DD21AFF4164}.Release|ARM.Build.0 = Release|Any CPU
		{DD5FEE69-5164-4B40-AAF8-4DD21AFF4164}.Release|iPhone.ActiveCfg = Release|Any CPU
		{DD5FEE69-5164-4B40-AAF8-4DD21AFF4164}.Release|iPhone.Build.0 = Release|Any CPU
		{DD5FEE69-5164-4B40-AAF8-4DD21AFF4164}.Release|iPhoneSimulator.ActiveCfg = Release|Any CPU
		{DD5FEE69-5164-4B40-AAF8-4DD21AFF4164}.Release|iPhoneSimulator.Build.0 = Release|Any CPU
		{DD5FEE69-5164-4B40-AAF8-4DD21AFF4164}.Release|x64.ActiveCfg = Release|Any CPU
		{DD5FEE69-5164-4B40-AAF8-4DD21AFF4164}.Release|x64.Build.0 = Release|Any CPU
		{DD5FEE69-5164-4B40-AAF8-4DD21AFF4164}.Release|x86.ActiveCfg = Release|Any CPU
		{DD5FEE69-5164-4B40-AAF8-4DD21AFF4164}.Release|x86.Build.0 = Release|Any CPU
		{EA8F1658-1477-4268-90CD-1B29DDF5326F}.Ad-Hoc|Any CPU.ActiveCfg = Release|Any CPU
		{EA8F1658-1477-4268-90CD-1B29DDF5326F}.Ad-Hoc|Any CPU.Build.0 = Release|Any CPU
		{EA8F1658-1477-4268-90CD-1B29DDF5326F}.Ad-Hoc|ARM.ActiveCfg = Release|Any CPU
		{EA8F1658-1477-4268-90CD-1B29DDF5326F}.Ad-Hoc|ARM.Build.0 = Release|Any CPU
		{EA8F1658-1477-4268-90CD-1B29DDF5326F}.Ad-Hoc|iPhone.ActiveCfg = Release|Any CPU
		{EA8F1658-1477-4268-90CD-1B29DDF5326F}.Ad-Hoc|iPhone.Build.0 = Release|Any CPU
		{EA8F1658-1477-4268-90CD-1B29DDF5326F}.Ad-Hoc|iPhoneSimulator.ActiveCfg = Release|Any CPU
		{EA8F1658-1477-4268-90CD-1B29DDF5326F}.Ad-Hoc|iPhoneSimulator.Build.0 = Release|Any CPU
		{EA8F1658-1477-4268-90CD-1B29DDF5326F}.Ad-Hoc|x64.ActiveCfg = Release|Any CPU
		{EA8F1658-1477-4268-90CD-1B29DDF5326F}.Ad-Hoc|x64.Build.0 = Release|Any CPU
		{EA8F1658-1477-4268-90CD-1B29DDF5326F}.Ad-Hoc|x86.ActiveCfg = Release|Any CPU
		{EA8F1658-1477-4268-90CD-1B29DDF5326F}.Ad-Hoc|x86.Build.0 = Release|Any CPU
		{EA8F1658-1477-4268-90CD-1B29DDF5326F}.AppStore|Any CPU.ActiveCfg = Release|Any CPU
		{EA8F1658-1477-4268-90CD-1B29DDF5326F}.AppStore|Any CPU.Build.0 = Release|Any CPU
		{EA8F1658-1477-4268-90CD-1B29DDF5326F}.AppStore|ARM.ActiveCfg = Release|Any CPU
		{EA8F1658-1477-4268-90CD-1B29DDF5326F}.AppStore|ARM.Build.0 = Release|Any CPU
		{EA8F1658-1477-4268-90CD-1B29DDF5326F}.AppStore|iPhone.ActiveCfg = Release|Any CPU
		{EA8F1658-1477-4268-90CD-1B29DDF5326F}.AppStore|iPhone.Build.0 = Release|Any CPU
		{EA8F1658-1477-4268-90CD-1B29DDF5326F}.AppStore|iPhoneSimulator.ActiveCfg = Release|Any CPU
		{EA8F1658-1477-4268-90CD-1B29DDF5326F}.AppStore|iPhoneSimulator.Build.0 = Release|Any CPU
		{EA8F1658-1477-4268-90CD-1B29DDF5326F}.AppStore|x64.ActiveCfg = Release|Any CPU
		{EA8F1658-1477-4268-90CD-1B29DDF5326F}.AppStore|x64.Build.0 = Release|Any CPU
		{EA8F1658-1477-4268-90CD-1B29DDF5326F}.AppStore|x86.ActiveCfg = Release|Any CPU
		{EA8F1658-1477-4268-90CD-1B29DDF5326F}.AppStore|x86.Build.0 = Release|Any CPU
		{EA8F1658-1477-4268-90CD-1B29DDF5326F}.Debug|Any CPU.ActiveCfg = Debug|Any CPU
		{EA8F1658-1477-4268-90CD-1B29DDF5326F}.Debug|Any CPU.Build.0 = Debug|Any CPU
		{EA8F1658-1477-4268-90CD-1B29DDF5326F}.Debug|ARM.ActiveCfg = Debug|Any CPU
		{EA8F1658-1477-4268-90CD-1B29DDF5326F}.Debug|ARM.Build.0 = Debug|Any CPU
		{EA8F1658-1477-4268-90CD-1B29DDF5326F}.Debug|iPhone.ActiveCfg = Debug|Any CPU
		{EA8F1658-1477-4268-90CD-1B29DDF5326F}.Debug|iPhone.Build.0 = Debug|Any CPU
		{EA8F1658-1477-4268-90CD-1B29DDF5326F}.Debug|iPhoneSimulator.ActiveCfg = Debug|Any CPU
		{EA8F1658-1477-4268-90CD-1B29DDF5326F}.Debug|iPhoneSimulator.Build.0 = Debug|Any CPU
		{EA8F1658-1477-4268-90CD-1B29DDF5326F}.Debug|x64.ActiveCfg = Debug|Any CPU
		{EA8F1658-1477-4268-90CD-1B29DDF5326F}.Debug|x64.Build.0 = Debug|Any CPU
		{EA8F1658-1477-4268-90CD-1B29DDF5326F}.Debug|x86.ActiveCfg = Debug|Any CPU
		{EA8F1658-1477-4268-90CD-1B29DDF5326F}.Debug|x86.Build.0 = Debug|Any CPU
		{EA8F1658-1477-4268-90CD-1B29DDF5326F}.Release|Any CPU.ActiveCfg = Release|Any CPU
		{EA8F1658-1477-4268-90CD-1B29DDF5326F}.Release|Any CPU.Build.0 = Release|Any CPU
		{EA8F1658-1477-4268-90CD-1B29DDF5326F}.Release|ARM.ActiveCfg = Release|Any CPU
		{EA8F1658-1477-4268-90CD-1B29DDF5326F}.Release|ARM.Build.0 = Release|Any CPU
		{EA8F1658-1477-4268-90CD-1B29DDF5326F}.Release|iPhone.ActiveCfg = Release|Any CPU
		{EA8F1658-1477-4268-90CD-1B29DDF5326F}.Release|iPhone.Build.0 = Release|Any CPU
		{EA8F1658-1477-4268-90CD-1B29DDF5326F}.Release|iPhoneSimulator.ActiveCfg = Release|Any CPU
		{EA8F1658-1477-4268-90CD-1B29DDF5326F}.Release|iPhoneSimulator.Build.0 = Release|Any CPU
		{EA8F1658-1477-4268-90CD-1B29DDF5326F}.Release|x64.ActiveCfg = Release|Any CPU
		{EA8F1658-1477-4268-90CD-1B29DDF5326F}.Release|x64.Build.0 = Release|Any CPU
		{EA8F1658-1477-4268-90CD-1B29DDF5326F}.Release|x86.ActiveCfg = Release|Any CPU
		{EA8F1658-1477-4268-90CD-1B29DDF5326F}.Release|x86.Build.0 = Release|Any CPU
		{8C29F581-5609-4AFC-9B7C-9BF069E023C9}.Ad-Hoc|Any CPU.ActiveCfg = Release|x86
		{8C29F581-5609-4AFC-9B7C-9BF069E023C9}.Ad-Hoc|Any CPU.Build.0 = Release|x86
		{8C29F581-5609-4AFC-9B7C-9BF069E023C9}.Ad-Hoc|Any CPU.Deploy.0 = Release|x86
		{8C29F581-5609-4AFC-9B7C-9BF069E023C9}.Ad-Hoc|ARM.ActiveCfg = Release|ARM
		{8C29F581-5609-4AFC-9B7C-9BF069E023C9}.Ad-Hoc|ARM.Build.0 = Release|ARM
		{8C29F581-5609-4AFC-9B7C-9BF069E023C9}.Ad-Hoc|ARM.Deploy.0 = Release|ARM
		{8C29F581-5609-4AFC-9B7C-9BF069E023C9}.Ad-Hoc|iPhone.ActiveCfg = Release|x86
		{8C29F581-5609-4AFC-9B7C-9BF069E023C9}.Ad-Hoc|iPhone.Build.0 = Release|x86
		{8C29F581-5609-4AFC-9B7C-9BF069E023C9}.Ad-Hoc|iPhone.Deploy.0 = Release|x86
		{8C29F581-5609-4AFC-9B7C-9BF069E023C9}.Ad-Hoc|iPhoneSimulator.ActiveCfg = Release|x86
		{8C29F581-5609-4AFC-9B7C-9BF069E023C9}.Ad-Hoc|iPhoneSimulator.Build.0 = Release|x86
		{8C29F581-5609-4AFC-9B7C-9BF069E023C9}.Ad-Hoc|iPhoneSimulator.Deploy.0 = Release|x86
		{8C29F581-5609-4AFC-9B7C-9BF069E023C9}.Ad-Hoc|x64.ActiveCfg = Release|x64
		{8C29F581-5609-4AFC-9B7C-9BF069E023C9}.Ad-Hoc|x64.Build.0 = Release|x64
		{8C29F581-5609-4AFC-9B7C-9BF069E023C9}.Ad-Hoc|x64.Deploy.0 = Release|x64
		{8C29F581-5609-4AFC-9B7C-9BF069E023C9}.Ad-Hoc|x86.ActiveCfg = Release|x86
		{8C29F581-5609-4AFC-9B7C-9BF069E023C9}.Ad-Hoc|x86.Build.0 = Release|x86
		{8C29F581-5609-4AFC-9B7C-9BF069E023C9}.Ad-Hoc|x86.Deploy.0 = Release|x86
		{8C29F581-5609-4AFC-9B7C-9BF069E023C9}.AppStore|Any CPU.ActiveCfg = Release|x86
		{8C29F581-5609-4AFC-9B7C-9BF069E023C9}.AppStore|Any CPU.Build.0 = Release|x86
		{8C29F581-5609-4AFC-9B7C-9BF069E023C9}.AppStore|Any CPU.Deploy.0 = Release|x86
		{8C29F581-5609-4AFC-9B7C-9BF069E023C9}.AppStore|ARM.ActiveCfg = Release|ARM
		{8C29F581-5609-4AFC-9B7C-9BF069E023C9}.AppStore|ARM.Build.0 = Release|ARM
		{8C29F581-5609-4AFC-9B7C-9BF069E023C9}.AppStore|ARM.Deploy.0 = Release|ARM
		{8C29F581-5609-4AFC-9B7C-9BF069E023C9}.AppStore|iPhone.ActiveCfg = Release|x86
		{8C29F581-5609-4AFC-9B7C-9BF069E023C9}.AppStore|iPhone.Build.0 = Release|x86
		{8C29F581-5609-4AFC-9B7C-9BF069E023C9}.AppStore|iPhone.Deploy.0 = Release|x86
		{8C29F581-5609-4AFC-9B7C-9BF069E023C9}.AppStore|iPhoneSimulator.ActiveCfg = Release|x86
		{8C29F581-5609-4AFC-9B7C-9BF069E023C9}.AppStore|iPhoneSimulator.Build.0 = Release|x86
		{8C29F581-5609-4AFC-9B7C-9BF069E023C9}.AppStore|iPhoneSimulator.Deploy.0 = Release|x86
		{8C29F581-5609-4AFC-9B7C-9BF069E023C9}.AppStore|x64.ActiveCfg = Release|x64
		{8C29F581-5609-4AFC-9B7C-9BF069E023C9}.AppStore|x64.Build.0 = Release|x64
		{8C29F581-5609-4AFC-9B7C-9BF069E023C9}.AppStore|x64.Deploy.0 = Release|x64
		{8C29F581-5609-4AFC-9B7C-9BF069E023C9}.AppStore|x86.ActiveCfg = Release|x86
		{8C29F581-5609-4AFC-9B7C-9BF069E023C9}.AppStore|x86.Build.0 = Release|x86
		{8C29F581-5609-4AFC-9B7C-9BF069E023C9}.AppStore|x86.Deploy.0 = Release|x86
		{8C29F581-5609-4AFC-9B7C-9BF069E023C9}.Debug|Any CPU.ActiveCfg = Debug|x86
		{8C29F581-5609-4AFC-9B7C-9BF069E023C9}.Debug|ARM.ActiveCfg = Debug|ARM
		{8C29F581-5609-4AFC-9B7C-9BF069E023C9}.Debug|ARM.Build.0 = Debug|ARM
		{8C29F581-5609-4AFC-9B7C-9BF069E023C9}.Debug|ARM.Deploy.0 = Debug|ARM
		{8C29F581-5609-4AFC-9B7C-9BF069E023C9}.Debug|iPhone.ActiveCfg = Debug|x86
		{8C29F581-5609-4AFC-9B7C-9BF069E023C9}.Debug|iPhoneSimulator.ActiveCfg = Debug|x86
		{8C29F581-5609-4AFC-9B7C-9BF069E023C9}.Debug|x64.ActiveCfg = Debug|x64
		{8C29F581-5609-4AFC-9B7C-9BF069E023C9}.Debug|x64.Build.0 = Debug|x64
		{8C29F581-5609-4AFC-9B7C-9BF069E023C9}.Debug|x64.Deploy.0 = Debug|x64
		{8C29F581-5609-4AFC-9B7C-9BF069E023C9}.Debug|x86.ActiveCfg = Debug|x86
		{8C29F581-5609-4AFC-9B7C-9BF069E023C9}.Debug|x86.Build.0 = Debug|x86
		{8C29F581-5609-4AFC-9B7C-9BF069E023C9}.Debug|x86.Deploy.0 = Debug|x86
		{8C29F581-5609-4AFC-9B7C-9BF069E023C9}.Release|Any CPU.ActiveCfg = Release|x86
		{8C29F581-5609-4AFC-9B7C-9BF069E023C9}.Release|ARM.ActiveCfg = Release|ARM
		{8C29F581-5609-4AFC-9B7C-9BF069E023C9}.Release|ARM.Build.0 = Release|ARM
		{8C29F581-5609-4AFC-9B7C-9BF069E023C9}.Release|ARM.Deploy.0 = Release|ARM
		{8C29F581-5609-4AFC-9B7C-9BF069E023C9}.Release|iPhone.ActiveCfg = Release|x86
		{8C29F581-5609-4AFC-9B7C-9BF069E023C9}.Release|iPhoneSimulator.ActiveCfg = Release|x86
		{8C29F581-5609-4AFC-9B7C-9BF069E023C9}.Release|x64.ActiveCfg = Release|x64
		{8C29F581-5609-4AFC-9B7C-9BF069E023C9}.Release|x64.Build.0 = Release|x64
		{8C29F581-5609-4AFC-9B7C-9BF069E023C9}.Release|x64.Deploy.0 = Release|x64
		{8C29F581-5609-4AFC-9B7C-9BF069E023C9}.Release|x86.ActiveCfg = Release|x86
		{8C29F581-5609-4AFC-9B7C-9BF069E023C9}.Release|x86.Build.0 = Release|x86
		{8C29F581-5609-4AFC-9B7C-9BF069E023C9}.Release|x86.Deploy.0 = Release|x86
		{9EED9077-AFC8-460F-9CBA-75ADC51C3D63}.Ad-Hoc|Any CPU.ActiveCfg = Release|Any CPU
		{9EED9077-AFC8-460F-9CBA-75ADC51C3D63}.Ad-Hoc|Any CPU.Build.0 = Release|Any CPU
		{9EED9077-AFC8-460F-9CBA-75ADC51C3D63}.Ad-Hoc|Any CPU.Deploy.0 = Release|Any CPU
		{9EED9077-AFC8-460F-9CBA-75ADC51C3D63}.Ad-Hoc|ARM.ActiveCfg = Release|Any CPU
		{9EED9077-AFC8-460F-9CBA-75ADC51C3D63}.Ad-Hoc|ARM.Build.0 = Release|Any CPU
		{9EED9077-AFC8-460F-9CBA-75ADC51C3D63}.Ad-Hoc|ARM.Deploy.0 = Release|Any CPU
		{9EED9077-AFC8-460F-9CBA-75ADC51C3D63}.Ad-Hoc|iPhone.ActiveCfg = Release|Any CPU
		{9EED9077-AFC8-460F-9CBA-75ADC51C3D63}.Ad-Hoc|iPhone.Build.0 = Release|Any CPU
		{9EED9077-AFC8-460F-9CBA-75ADC51C3D63}.Ad-Hoc|iPhone.Deploy.0 = Release|Any CPU
		{9EED9077-AFC8-460F-9CBA-75ADC51C3D63}.Ad-Hoc|iPhoneSimulator.ActiveCfg = Release|Any CPU
		{9EED9077-AFC8-460F-9CBA-75ADC51C3D63}.Ad-Hoc|iPhoneSimulator.Build.0 = Release|Any CPU
		{9EED9077-AFC8-460F-9CBA-75ADC51C3D63}.Ad-Hoc|iPhoneSimulator.Deploy.0 = Release|Any CPU
		{9EED9077-AFC8-460F-9CBA-75ADC51C3D63}.Ad-Hoc|x64.ActiveCfg = Release|Any CPU
		{9EED9077-AFC8-460F-9CBA-75ADC51C3D63}.Ad-Hoc|x64.Build.0 = Release|Any CPU
		{9EED9077-AFC8-460F-9CBA-75ADC51C3D63}.Ad-Hoc|x64.Deploy.0 = Release|Any CPU
		{9EED9077-AFC8-460F-9CBA-75ADC51C3D63}.Ad-Hoc|x86.ActiveCfg = Release|Any CPU
		{9EED9077-AFC8-460F-9CBA-75ADC51C3D63}.Ad-Hoc|x86.Build.0 = Release|Any CPU
		{9EED9077-AFC8-460F-9CBA-75ADC51C3D63}.Ad-Hoc|x86.Deploy.0 = Release|Any CPU
		{9EED9077-AFC8-460F-9CBA-75ADC51C3D63}.AppStore|Any CPU.ActiveCfg = Release|Any CPU
		{9EED9077-AFC8-460F-9CBA-75ADC51C3D63}.AppStore|Any CPU.Build.0 = Release|Any CPU
		{9EED9077-AFC8-460F-9CBA-75ADC51C3D63}.AppStore|Any CPU.Deploy.0 = Release|Any CPU
		{9EED9077-AFC8-460F-9CBA-75ADC51C3D63}.AppStore|ARM.ActiveCfg = Release|Any CPU
		{9EED9077-AFC8-460F-9CBA-75ADC51C3D63}.AppStore|ARM.Build.0 = Release|Any CPU
		{9EED9077-AFC8-460F-9CBA-75ADC51C3D63}.AppStore|ARM.Deploy.0 = Release|Any CPU
		{9EED9077-AFC8-460F-9CBA-75ADC51C3D63}.AppStore|iPhone.ActiveCfg = Release|Any CPU
		{9EED9077-AFC8-460F-9CBA-75ADC51C3D63}.AppStore|iPhone.Build.0 = Release|Any CPU
		{9EED9077-AFC8-460F-9CBA-75ADC51C3D63}.AppStore|iPhone.Deploy.0 = Release|Any CPU
		{9EED9077-AFC8-460F-9CBA-75ADC51C3D63}.AppStore|iPhoneSimulator.ActiveCfg = Release|Any CPU
		{9EED9077-AFC8-460F-9CBA-75ADC51C3D63}.AppStore|iPhoneSimulator.Build.0 = Release|Any CPU
		{9EED9077-AFC8-460F-9CBA-75ADC51C3D63}.AppStore|iPhoneSimulator.Deploy.0 = Release|Any CPU
		{9EED9077-AFC8-460F-9CBA-75ADC51C3D63}.AppStore|x64.ActiveCfg = Release|Any CPU
		{9EED9077-AFC8-460F-9CBA-75ADC51C3D63}.AppStore|x64.Build.0 = Release|Any CPU
		{9EED9077-AFC8-460F-9CBA-75ADC51C3D63}.AppStore|x64.Deploy.0 = Release|Any CPU
		{9EED9077-AFC8-460F-9CBA-75ADC51C3D63}.AppStore|x86.ActiveCfg = Release|Any CPU
		{9EED9077-AFC8-460F-9CBA-75ADC51C3D63}.AppStore|x86.Build.0 = Release|Any CPU
		{9EED9077-AFC8-460F-9CBA-75ADC51C3D63}.AppStore|x86.Deploy.0 = Release|Any CPU
		{9EED9077-AFC8-460F-9CBA-75ADC51C3D63}.Debug|Any CPU.ActiveCfg = Debug|Any CPU
		{9EED9077-AFC8-460F-9CBA-75ADC51C3D63}.Debug|Any CPU.Build.0 = Debug|Any CPU
		{9EED9077-AFC8-460F-9CBA-75ADC51C3D63}.Debug|Any CPU.Deploy.0 = Debug|Any CPU
		{9EED9077-AFC8-460F-9CBA-75ADC51C3D63}.Debug|ARM.ActiveCfg = Debug|Any CPU
		{9EED9077-AFC8-460F-9CBA-75ADC51C3D63}.Debug|ARM.Build.0 = Debug|Any CPU
		{9EED9077-AFC8-460F-9CBA-75ADC51C3D63}.Debug|ARM.Deploy.0 = Debug|Any CPU
		{9EED9077-AFC8-460F-9CBA-75ADC51C3D63}.Debug|iPhone.ActiveCfg = Debug|Any CPU
		{9EED9077-AFC8-460F-9CBA-75ADC51C3D63}.Debug|iPhone.Build.0 = Debug|Any CPU
		{9EED9077-AFC8-460F-9CBA-75ADC51C3D63}.Debug|iPhone.Deploy.0 = Debug|Any CPU
		{9EED9077-AFC8-460F-9CBA-75ADC51C3D63}.Debug|iPhoneSimulator.ActiveCfg = Debug|Any CPU
		{9EED9077-AFC8-460F-9CBA-75ADC51C3D63}.Debug|iPhoneSimulator.Build.0 = Debug|Any CPU
		{9EED9077-AFC8-460F-9CBA-75ADC51C3D63}.Debug|iPhoneSimulator.Deploy.0 = Debug|Any CPU
		{9EED9077-AFC8-460F-9CBA-75ADC51C3D63}.Debug|x64.ActiveCfg = Debug|Any CPU
		{9EED9077-AFC8-460F-9CBA-75ADC51C3D63}.Debug|x64.Build.0 = Debug|Any CPU
		{9EED9077-AFC8-460F-9CBA-75ADC51C3D63}.Debug|x64.Deploy.0 = Debug|Any CPU
		{9EED9077-AFC8-460F-9CBA-75ADC51C3D63}.Debug|x86.ActiveCfg = Debug|Any CPU
		{9EED9077-AFC8-460F-9CBA-75ADC51C3D63}.Debug|x86.Build.0 = Debug|Any CPU
		{9EED9077-AFC8-460F-9CBA-75ADC51C3D63}.Debug|x86.Deploy.0 = Debug|Any CPU
		{9EED9077-AFC8-460F-9CBA-75ADC51C3D63}.Release|Any CPU.ActiveCfg = Release|Any CPU
		{9EED9077-AFC8-460F-9CBA-75ADC51C3D63}.Release|Any CPU.Build.0 = Release|Any CPU
		{9EED9077-AFC8-460F-9CBA-75ADC51C3D63}.Release|Any CPU.Deploy.0 = Release|Any CPU
		{9EED9077-AFC8-460F-9CBA-75ADC51C3D63}.Release|ARM.ActiveCfg = Release|Any CPU
		{9EED9077-AFC8-460F-9CBA-75ADC51C3D63}.Release|ARM.Build.0 = Release|Any CPU
		{9EED9077-AFC8-460F-9CBA-75ADC51C3D63}.Release|ARM.Deploy.0 = Release|Any CPU
		{9EED9077-AFC8-460F-9CBA-75ADC51C3D63}.Release|iPhone.ActiveCfg = Release|Any CPU
		{9EED9077-AFC8-460F-9CBA-75ADC51C3D63}.Release|iPhone.Build.0 = Release|Any CPU
		{9EED9077-AFC8-460F-9CBA-75ADC51C3D63}.Release|iPhone.Deploy.0 = Release|Any CPU
		{9EED9077-AFC8-460F-9CBA-75ADC51C3D63}.Release|iPhoneSimulator.ActiveCfg = Release|Any CPU
		{9EED9077-AFC8-460F-9CBA-75ADC51C3D63}.Release|iPhoneSimulator.Build.0 = Release|Any CPU
		{9EED9077-AFC8-460F-9CBA-75ADC51C3D63}.Release|iPhoneSimulator.Deploy.0 = Release|Any CPU
		{9EED9077-AFC8-460F-9CBA-75ADC51C3D63}.Release|x64.ActiveCfg = Release|Any CPU
		{9EED9077-AFC8-460F-9CBA-75ADC51C3D63}.Release|x64.Build.0 = Release|Any CPU
		{9EED9077-AFC8-460F-9CBA-75ADC51C3D63}.Release|x64.Deploy.0 = Release|Any CPU
		{9EED9077-AFC8-460F-9CBA-75ADC51C3D63}.Release|x86.ActiveCfg = Release|Any CPU
		{9EED9077-AFC8-460F-9CBA-75ADC51C3D63}.Release|x86.Build.0 = Release|Any CPU
		{9EED9077-AFC8-460F-9CBA-75ADC51C3D63}.Release|x86.Deploy.0 = Release|Any CPU
		{56BF1FE6-EBA8-4803-B8A6-434D0D7BF5F1}.Ad-Hoc|Any CPU.ActiveCfg = Ad-Hoc|iPhone
		{56BF1FE6-EBA8-4803-B8A6-434D0D7BF5F1}.Ad-Hoc|ARM.ActiveCfg = Ad-Hoc|iPhone
		{56BF1FE6-EBA8-4803-B8A6-434D0D7BF5F1}.Ad-Hoc|iPhone.ActiveCfg = Ad-Hoc|iPhone
		{56BF1FE6-EBA8-4803-B8A6-434D0D7BF5F1}.Ad-Hoc|iPhone.Build.0 = Ad-Hoc|iPhone
		{56BF1FE6-EBA8-4803-B8A6-434D0D7BF5F1}.Ad-Hoc|iPhoneSimulator.ActiveCfg = Ad-Hoc|iPhoneSimulator
		{56BF1FE6-EBA8-4803-B8A6-434D0D7BF5F1}.Ad-Hoc|iPhoneSimulator.Build.0 = Ad-Hoc|iPhoneSimulator
		{56BF1FE6-EBA8-4803-B8A6-434D0D7BF5F1}.Ad-Hoc|x64.ActiveCfg = Ad-Hoc|iPhone
		{56BF1FE6-EBA8-4803-B8A6-434D0D7BF5F1}.Ad-Hoc|x86.ActiveCfg = Ad-Hoc|iPhone
		{56BF1FE6-EBA8-4803-B8A6-434D0D7BF5F1}.AppStore|Any CPU.ActiveCfg = AppStore|iPhone
		{56BF1FE6-EBA8-4803-B8A6-434D0D7BF5F1}.AppStore|ARM.ActiveCfg = AppStore|iPhone
		{56BF1FE6-EBA8-4803-B8A6-434D0D7BF5F1}.AppStore|iPhone.ActiveCfg = AppStore|iPhone
		{56BF1FE6-EBA8-4803-B8A6-434D0D7BF5F1}.AppStore|iPhone.Build.0 = AppStore|iPhone
		{56BF1FE6-EBA8-4803-B8A6-434D0D7BF5F1}.AppStore|iPhoneSimulator.ActiveCfg = AppStore|iPhoneSimulator
		{56BF1FE6-EBA8-4803-B8A6-434D0D7BF5F1}.AppStore|iPhoneSimulator.Build.0 = AppStore|iPhoneSimulator
		{56BF1FE6-EBA8-4803-B8A6-434D0D7BF5F1}.AppStore|x64.ActiveCfg = AppStore|iPhone
		{56BF1FE6-EBA8-4803-B8A6-434D0D7BF5F1}.AppStore|x86.ActiveCfg = AppStore|iPhone
		{56BF1FE6-EBA8-4803-B8A6-434D0D7BF5F1}.Debug|Any CPU.ActiveCfg = Debug|iPhone
		{56BF1FE6-EBA8-4803-B8A6-434D0D7BF5F1}.Debug|ARM.ActiveCfg = Debug|iPhone
		{56BF1FE6-EBA8-4803-B8A6-434D0D7BF5F1}.Debug|iPhone.ActiveCfg = Debug|iPhone
		{56BF1FE6-EBA8-4803-B8A6-434D0D7BF5F1}.Debug|iPhone.Build.0 = Debug|iPhone
		{56BF1FE6-EBA8-4803-B8A6-434D0D7BF5F1}.Debug|iPhoneSimulator.ActiveCfg = Debug|iPhoneSimulator
		{56BF1FE6-EBA8-4803-B8A6-434D0D7BF5F1}.Debug|iPhoneSimulator.Build.0 = Debug|iPhoneSimulator
		{56BF1FE6-EBA8-4803-B8A6-434D0D7BF5F1}.Debug|x64.ActiveCfg = Debug|iPhone
		{56BF1FE6-EBA8-4803-B8A6-434D0D7BF5F1}.Debug|x86.ActiveCfg = Debug|iPhone
		{56BF1FE6-EBA8-4803-B8A6-434D0D7BF5F1}.Release|Any CPU.ActiveCfg = Release|iPhone
		{56BF1FE6-EBA8-4803-B8A6-434D0D7BF5F1}.Release|ARM.ActiveCfg = Release|iPhone
		{56BF1FE6-EBA8-4803-B8A6-434D0D7BF5F1}.Release|iPhone.ActiveCfg = Release|iPhone
		{56BF1FE6-EBA8-4803-B8A6-434D0D7BF5F1}.Release|iPhone.Build.0 = Release|iPhone
		{56BF1FE6-EBA8-4803-B8A6-434D0D7BF5F1}.Release|iPhoneSimulator.ActiveCfg = Release|iPhoneSimulator
		{56BF1FE6-EBA8-4803-B8A6-434D0D7BF5F1}.Release|iPhoneSimulator.Build.0 = Release|iPhoneSimulator
		{56BF1FE6-EBA8-4803-B8A6-434D0D7BF5F1}.Release|x64.ActiveCfg = Release|iPhone
		{56BF1FE6-EBA8-4803-B8A6-434D0D7BF5F1}.Release|x86.ActiveCfg = Release|iPhone
		{3200F009-C236-4886-B791-5122EB718460}.Ad-Hoc|Any CPU.ActiveCfg = Release|Any CPU
		{3200F009-C236-4886-B791-5122EB718460}.Ad-Hoc|Any CPU.Build.0 = Release|Any CPU
		{3200F009-C236-4886-B791-5122EB718460}.Ad-Hoc|Any CPU.Deploy.0 = Release|Any CPU
		{3200F009-C236-4886-B791-5122EB718460}.Ad-Hoc|ARM.ActiveCfg = Release|Any CPU
		{3200F009-C236-4886-B791-5122EB718460}.Ad-Hoc|ARM.Build.0 = Release|Any CPU
		{3200F009-C236-4886-B791-5122EB718460}.Ad-Hoc|ARM.Deploy.0 = Release|Any CPU
		{3200F009-C236-4886-B791-5122EB718460}.Ad-Hoc|iPhone.ActiveCfg = Release|Any CPU
		{3200F009-C236-4886-B791-5122EB718460}.Ad-Hoc|iPhone.Build.0 = Release|Any CPU
		{3200F009-C236-4886-B791-5122EB718460}.Ad-Hoc|iPhone.Deploy.0 = Release|Any CPU
		{3200F009-C236-4886-B791-5122EB718460}.Ad-Hoc|iPhoneSimulator.ActiveCfg = Release|Any CPU
		{3200F009-C236-4886-B791-5122EB718460}.Ad-Hoc|iPhoneSimulator.Build.0 = Release|Any CPU
		{3200F009-C236-4886-B791-5122EB718460}.Ad-Hoc|iPhoneSimulator.Deploy.0 = Release|Any CPU
		{3200F009-C236-4886-B791-5122EB718460}.Ad-Hoc|x64.ActiveCfg = Release|Any CPU
		{3200F009-C236-4886-B791-5122EB718460}.Ad-Hoc|x64.Build.0 = Release|Any CPU
		{3200F009-C236-4886-B791-5122EB718460}.Ad-Hoc|x64.Deploy.0 = Release|Any CPU
		{3200F009-C236-4886-B791-5122EB718460}.Ad-Hoc|x86.ActiveCfg = Release|Any CPU
		{3200F009-C236-4886-B791-5122EB718460}.Ad-Hoc|x86.Build.0 = Release|Any CPU
		{3200F009-C236-4886-B791-5122EB718460}.Ad-Hoc|x86.Deploy.0 = Release|Any CPU
		{3200F009-C236-4886-B791-5122EB718460}.AppStore|Any CPU.ActiveCfg = Release|Any CPU
		{3200F009-C236-4886-B791-5122EB718460}.AppStore|Any CPU.Build.0 = Release|Any CPU
		{3200F009-C236-4886-B791-5122EB718460}.AppStore|Any CPU.Deploy.0 = Release|Any CPU
		{3200F009-C236-4886-B791-5122EB718460}.AppStore|ARM.ActiveCfg = Release|Any CPU
		{3200F009-C236-4886-B791-5122EB718460}.AppStore|ARM.Build.0 = Release|Any CPU
		{3200F009-C236-4886-B791-5122EB718460}.AppStore|ARM.Deploy.0 = Release|Any CPU
		{3200F009-C236-4886-B791-5122EB718460}.AppStore|iPhone.ActiveCfg = Release|Any CPU
		{3200F009-C236-4886-B791-5122EB718460}.AppStore|iPhone.Build.0 = Release|Any CPU
		{3200F009-C236-4886-B791-5122EB718460}.AppStore|iPhone.Deploy.0 = Release|Any CPU
		{3200F009-C236-4886-B791-5122EB718460}.AppStore|iPhoneSimulator.ActiveCfg = Release|Any CPU
		{3200F009-C236-4886-B791-5122EB718460}.AppStore|iPhoneSimulator.Build.0 = Release|Any CPU
		{3200F009-C236-4886-B791-5122EB718460}.AppStore|iPhoneSimulator.Deploy.0 = Release|Any CPU
		{3200F009-C236-4886-B791-5122EB718460}.AppStore|x64.ActiveCfg = Release|Any CPU
		{3200F009-C236-4886-B791-5122EB718460}.AppStore|x64.Build.0 = Release|Any CPU
		{3200F009-C236-4886-B791-5122EB718460}.AppStore|x64.Deploy.0 = Release|Any CPU
		{3200F009-C236-4886-B791-5122EB718460}.AppStore|x86.ActiveCfg = Release|Any CPU
		{3200F009-C236-4886-B791-5122EB718460}.AppStore|x86.Build.0 = Release|Any CPU
		{3200F009-C236-4886-B791-5122EB718460}.AppStore|x86.Deploy.0 = Release|Any CPU
		{3200F009-C236-4886-B791-5122EB718460}.Debug|Any CPU.ActiveCfg = Debug|Any CPU
		{3200F009-C236-4886-B791-5122EB718460}.Debug|Any CPU.Build.0 = Debug|Any CPU
		{3200F009-C236-4886-B791-5122EB718460}.Debug|Any CPU.Deploy.0 = Debug|Any CPU
		{3200F009-C236-4886-B791-5122EB718460}.Debug|ARM.ActiveCfg = Debug|Any CPU
		{3200F009-C236-4886-B791-5122EB718460}.Debug|ARM.Build.0 = Debug|Any CPU
		{3200F009-C236-4886-B791-5122EB718460}.Debug|ARM.Deploy.0 = Debug|Any CPU
		{3200F009-C236-4886-B791-5122EB718460}.Debug|iPhone.ActiveCfg = Debug|Any CPU
		{3200F009-C236-4886-B791-5122EB718460}.Debug|iPhone.Build.0 = Debug|Any CPU
		{3200F009-C236-4886-B791-5122EB718460}.Debug|iPhone.Deploy.0 = Debug|Any CPU
		{3200F009-C236-4886-B791-5122EB718460}.Debug|iPhoneSimulator.ActiveCfg = Debug|Any CPU
		{3200F009-C236-4886-B791-5122EB718460}.Debug|iPhoneSimulator.Build.0 = Debug|Any CPU
		{3200F009-C236-4886-B791-5122EB718460}.Debug|iPhoneSimulator.Deploy.0 = Debug|Any CPU
		{3200F009-C236-4886-B791-5122EB718460}.Debug|x64.ActiveCfg = Debug|Any CPU
		{3200F009-C236-4886-B791-5122EB718460}.Debug|x64.Build.0 = Debug|Any CPU
		{3200F009-C236-4886-B791-5122EB718460}.Debug|x64.Deploy.0 = Debug|Any CPU
		{3200F009-C236-4886-B791-5122EB718460}.Debug|x86.ActiveCfg = Debug|Any CPU
		{3200F009-C236-4886-B791-5122EB718460}.Debug|x86.Build.0 = Debug|Any CPU
		{3200F009-C236-4886-B791-5122EB718460}.Debug|x86.Deploy.0 = Debug|Any CPU
		{3200F009-C236-4886-B791-5122EB718460}.Release|Any CPU.ActiveCfg = Release|Any CPU
		{3200F009-C236-4886-B791-5122EB718460}.Release|Any CPU.Build.0 = Release|Any CPU
		{3200F009-C236-4886-B791-5122EB718460}.Release|Any CPU.Deploy.0 = Release|Any CPU
		{3200F009-C236-4886-B791-5122EB718460}.Release|ARM.ActiveCfg = Release|Any CPU
		{3200F009-C236-4886-B791-5122EB718460}.Release|ARM.Build.0 = Release|Any CPU
		{3200F009-C236-4886-B791-5122EB718460}.Release|ARM.Deploy.0 = Release|Any CPU
		{3200F009-C236-4886-B791-5122EB718460}.Release|iPhone.ActiveCfg = Release|Any CPU
		{3200F009-C236-4886-B791-5122EB718460}.Release|iPhone.Build.0 = Release|Any CPU
		{3200F009-C236-4886-B791-5122EB718460}.Release|iPhone.Deploy.0 = Release|Any CPU
		{3200F009-C236-4886-B791-5122EB718460}.Release|iPhoneSimulator.ActiveCfg = Release|Any CPU
		{3200F009-C236-4886-B791-5122EB718460}.Release|iPhoneSimulator.Build.0 = Release|Any CPU
		{3200F009-C236-4886-B791-5122EB718460}.Release|iPhoneSimulator.Deploy.0 = Release|Any CPU
		{3200F009-C236-4886-B791-5122EB718460}.Release|x64.ActiveCfg = Release|Any CPU
		{3200F009-C236-4886-B791-5122EB718460}.Release|x64.Build.0 = Release|Any CPU
		{3200F009-C236-4886-B791-5122EB718460}.Release|x64.Deploy.0 = Release|Any CPU
		{3200F009-C236-4886-B791-5122EB718460}.Release|x86.ActiveCfg = Release|Any CPU
		{3200F009-C236-4886-B791-5122EB718460}.Release|x86.Build.0 = Release|Any CPU
		{3200F009-C236-4886-B791-5122EB718460}.Release|x86.Deploy.0 = Release|Any CPU
		{EE754499-56EE-4009-8C74-D9A871CB82BD}.Ad-Hoc|Any CPU.ActiveCfg = Ad-Hoc|iPhone
		{EE754499-56EE-4009-8C74-D9A871CB82BD}.Ad-Hoc|ARM.ActiveCfg = Ad-Hoc|iPhone
		{EE754499-56EE-4009-8C74-D9A871CB82BD}.Ad-Hoc|iPhone.ActiveCfg = Ad-Hoc|iPhone
		{EE754499-56EE-4009-8C74-D9A871CB82BD}.Ad-Hoc|iPhone.Build.0 = Ad-Hoc|iPhone
		{EE754499-56EE-4009-8C74-D9A871CB82BD}.Ad-Hoc|iPhoneSimulator.ActiveCfg = Ad-Hoc|iPhoneSimulator
		{EE754499-56EE-4009-8C74-D9A871CB82BD}.Ad-Hoc|iPhoneSimulator.Build.0 = Ad-Hoc|iPhoneSimulator
		{EE754499-56EE-4009-8C74-D9A871CB82BD}.Ad-Hoc|x64.ActiveCfg = Ad-Hoc|iPhone
		{EE754499-56EE-4009-8C74-D9A871CB82BD}.Ad-Hoc|x86.ActiveCfg = Ad-Hoc|iPhone
		{EE754499-56EE-4009-8C74-D9A871CB82BD}.AppStore|Any CPU.ActiveCfg = AppStore|iPhone
		{EE754499-56EE-4009-8C74-D9A871CB82BD}.AppStore|ARM.ActiveCfg = AppStore|iPhone
		{EE754499-56EE-4009-8C74-D9A871CB82BD}.AppStore|iPhone.ActiveCfg = AppStore|iPhone
		{EE754499-56EE-4009-8C74-D9A871CB82BD}.AppStore|iPhone.Build.0 = AppStore|iPhone
		{EE754499-56EE-4009-8C74-D9A871CB82BD}.AppStore|iPhoneSimulator.ActiveCfg = AppStore|iPhoneSimulator
		{EE754499-56EE-4009-8C74-D9A871CB82BD}.AppStore|iPhoneSimulator.Build.0 = AppStore|iPhoneSimulator
		{EE754499-56EE-4009-8C74-D9A871CB82BD}.AppStore|x64.ActiveCfg = AppStore|iPhone
		{EE754499-56EE-4009-8C74-D9A871CB82BD}.AppStore|x86.ActiveCfg = AppStore|iPhone
		{EE754499-56EE-4009-8C74-D9A871CB82BD}.Debug|Any CPU.ActiveCfg = Debug|iPhone
		{EE754499-56EE-4009-8C74-D9A871CB82BD}.Debug|ARM.ActiveCfg = Debug|iPhone
		{EE754499-56EE-4009-8C74-D9A871CB82BD}.Debug|iPhone.ActiveCfg = Debug|iPhone
		{EE754499-56EE-4009-8C74-D9A871CB82BD}.Debug|iPhone.Build.0 = Debug|iPhone
		{EE754499-56EE-4009-8C74-D9A871CB82BD}.Debug|iPhoneSimulator.ActiveCfg = Debug|iPhoneSimulator
		{EE754499-56EE-4009-8C74-D9A871CB82BD}.Debug|iPhoneSimulator.Build.0 = Debug|iPhoneSimulator
		{EE754499-56EE-4009-8C74-D9A871CB82BD}.Debug|x64.ActiveCfg = Debug|iPhone
		{EE754499-56EE-4009-8C74-D9A871CB82BD}.Debug|x86.ActiveCfg = Debug|iPhone
		{EE754499-56EE-4009-8C74-D9A871CB82BD}.Release|Any CPU.ActiveCfg = Release|iPhone
		{EE754499-56EE-4009-8C74-D9A871CB82BD}.Release|ARM.ActiveCfg = Release|iPhone
		{EE754499-56EE-4009-8C74-D9A871CB82BD}.Release|iPhone.ActiveCfg = Release|iPhone
		{EE754499-56EE-4009-8C74-D9A871CB82BD}.Release|iPhone.Build.0 = Release|iPhone
		{EE754499-56EE-4009-8C74-D9A871CB82BD}.Release|iPhoneSimulator.ActiveCfg = Release|iPhoneSimulator
		{EE754499-56EE-4009-8C74-D9A871CB82BD}.Release|iPhoneSimulator.Build.0 = Release|iPhoneSimulator
		{EE754499-56EE-4009-8C74-D9A871CB82BD}.Release|x64.ActiveCfg = Release|iPhone
		{EE754499-56EE-4009-8C74-D9A871CB82BD}.Release|x86.ActiveCfg = Release|iPhone
		{89741063-1EEB-4F12-9004-9AF4E715C5CF}.Ad-Hoc|Any CPU.ActiveCfg = Release|x86
		{89741063-1EEB-4F12-9004-9AF4E715C5CF}.Ad-Hoc|Any CPU.Build.0 = Release|x86
		{89741063-1EEB-4F12-9004-9AF4E715C5CF}.Ad-Hoc|Any CPU.Deploy.0 = Release|x86
		{89741063-1EEB-4F12-9004-9AF4E715C5CF}.Ad-Hoc|ARM.ActiveCfg = Release|ARM
		{89741063-1EEB-4F12-9004-9AF4E715C5CF}.Ad-Hoc|ARM.Build.0 = Release|ARM
		{89741063-1EEB-4F12-9004-9AF4E715C5CF}.Ad-Hoc|ARM.Deploy.0 = Release|ARM
		{89741063-1EEB-4F12-9004-9AF4E715C5CF}.Ad-Hoc|iPhone.ActiveCfg = Release|x86
		{89741063-1EEB-4F12-9004-9AF4E715C5CF}.Ad-Hoc|iPhone.Build.0 = Release|x86
		{89741063-1EEB-4F12-9004-9AF4E715C5CF}.Ad-Hoc|iPhone.Deploy.0 = Release|x86
		{89741063-1EEB-4F12-9004-9AF4E715C5CF}.Ad-Hoc|iPhoneSimulator.ActiveCfg = Release|x86
		{89741063-1EEB-4F12-9004-9AF4E715C5CF}.Ad-Hoc|iPhoneSimulator.Build.0 = Release|x86
		{89741063-1EEB-4F12-9004-9AF4E715C5CF}.Ad-Hoc|iPhoneSimulator.Deploy.0 = Release|x86
		{89741063-1EEB-4F12-9004-9AF4E715C5CF}.Ad-Hoc|x64.ActiveCfg = Release|x64
		{89741063-1EEB-4F12-9004-9AF4E715C5CF}.Ad-Hoc|x64.Build.0 = Release|x64
		{89741063-1EEB-4F12-9004-9AF4E715C5CF}.Ad-Hoc|x64.Deploy.0 = Release|x64
		{89741063-1EEB-4F12-9004-9AF4E715C5CF}.Ad-Hoc|x86.ActiveCfg = Release|x86
		{89741063-1EEB-4F12-9004-9AF4E715C5CF}.Ad-Hoc|x86.Build.0 = Release|x86
		{89741063-1EEB-4F12-9004-9AF4E715C5CF}.Ad-Hoc|x86.Deploy.0 = Release|x86
		{89741063-1EEB-4F12-9004-9AF4E715C5CF}.AppStore|Any CPU.ActiveCfg = Release|x86
		{89741063-1EEB-4F12-9004-9AF4E715C5CF}.AppStore|Any CPU.Build.0 = Release|x86
		{89741063-1EEB-4F12-9004-9AF4E715C5CF}.AppStore|Any CPU.Deploy.0 = Release|x86
		{89741063-1EEB-4F12-9004-9AF4E715C5CF}.AppStore|ARM.ActiveCfg = Release|ARM
		{89741063-1EEB-4F12-9004-9AF4E715C5CF}.AppStore|ARM.Build.0 = Release|ARM
		{89741063-1EEB-4F12-9004-9AF4E715C5CF}.AppStore|ARM.Deploy.0 = Release|ARM
		{89741063-1EEB-4F12-9004-9AF4E715C5CF}.AppStore|iPhone.ActiveCfg = Release|x86
		{89741063-1EEB-4F12-9004-9AF4E715C5CF}.AppStore|iPhone.Build.0 = Release|x86
		{89741063-1EEB-4F12-9004-9AF4E715C5CF}.AppStore|iPhone.Deploy.0 = Release|x86
		{89741063-1EEB-4F12-9004-9AF4E715C5CF}.AppStore|iPhoneSimulator.ActiveCfg = Release|x86
		{89741063-1EEB-4F12-9004-9AF4E715C5CF}.AppStore|iPhoneSimulator.Build.0 = Release|x86
		{89741063-1EEB-4F12-9004-9AF4E715C5CF}.AppStore|iPhoneSimulator.Deploy.0 = Release|x86
		{89741063-1EEB-4F12-9004-9AF4E715C5CF}.AppStore|x64.ActiveCfg = Release|x64
		{89741063-1EEB-4F12-9004-9AF4E715C5CF}.AppStore|x64.Build.0 = Release|x64
		{89741063-1EEB-4F12-9004-9AF4E715C5CF}.AppStore|x64.Deploy.0 = Release|x64
		{89741063-1EEB-4F12-9004-9AF4E715C5CF}.AppStore|x86.ActiveCfg = Release|x86
		{89741063-1EEB-4F12-9004-9AF4E715C5CF}.AppStore|x86.Build.0 = Release|x86
		{89741063-1EEB-4F12-9004-9AF4E715C5CF}.AppStore|x86.Deploy.0 = Release|x86
		{89741063-1EEB-4F12-9004-9AF4E715C5CF}.Debug|Any CPU.ActiveCfg = Debug|x86
		{89741063-1EEB-4F12-9004-9AF4E715C5CF}.Debug|ARM.ActiveCfg = Debug|ARM
		{89741063-1EEB-4F12-9004-9AF4E715C5CF}.Debug|ARM.Build.0 = Debug|ARM
		{89741063-1EEB-4F12-9004-9AF4E715C5CF}.Debug|ARM.Deploy.0 = Debug|ARM
		{89741063-1EEB-4F12-9004-9AF4E715C5CF}.Debug|iPhone.ActiveCfg = Debug|x86
		{89741063-1EEB-4F12-9004-9AF4E715C5CF}.Debug|iPhoneSimulator.ActiveCfg = Debug|x86
		{89741063-1EEB-4F12-9004-9AF4E715C5CF}.Debug|x64.ActiveCfg = Debug|x64
		{89741063-1EEB-4F12-9004-9AF4E715C5CF}.Debug|x64.Build.0 = Debug|x64
		{89741063-1EEB-4F12-9004-9AF4E715C5CF}.Debug|x64.Deploy.0 = Debug|x64
		{89741063-1EEB-4F12-9004-9AF4E715C5CF}.Debug|x86.ActiveCfg = Debug|x86
		{89741063-1EEB-4F12-9004-9AF4E715C5CF}.Debug|x86.Build.0 = Debug|x86
		{89741063-1EEB-4F12-9004-9AF4E715C5CF}.Debug|x86.Deploy.0 = Debug|x86
		{89741063-1EEB-4F12-9004-9AF4E715C5CF}.Release|Any CPU.ActiveCfg = Release|x86
		{89741063-1EEB-4F12-9004-9AF4E715C5CF}.Release|ARM.ActiveCfg = Release|ARM
		{89741063-1EEB-4F12-9004-9AF4E715C5CF}.Release|ARM.Build.0 = Release|ARM
		{89741063-1EEB-4F12-9004-9AF4E715C5CF}.Release|ARM.Deploy.0 = Release|ARM
		{89741063-1EEB-4F12-9004-9AF4E715C5CF}.Release|iPhone.ActiveCfg = Release|x86
		{89741063-1EEB-4F12-9004-9AF4E715C5CF}.Release|iPhoneSimulator.ActiveCfg = Release|x86
		{89741063-1EEB-4F12-9004-9AF4E715C5CF}.Release|x64.ActiveCfg = Release|x64
		{89741063-1EEB-4F12-9004-9AF4E715C5CF}.Release|x64.Build.0 = Release|x64
		{89741063-1EEB-4F12-9004-9AF4E715C5CF}.Release|x64.Deploy.0 = Release|x64
		{89741063-1EEB-4F12-9004-9AF4E715C5CF}.Release|x86.ActiveCfg = Release|x86
		{89741063-1EEB-4F12-9004-9AF4E715C5CF}.Release|x86.Build.0 = Release|x86
		{89741063-1EEB-4F12-9004-9AF4E715C5CF}.Release|x86.Deploy.0 = Release|x86
	EndGlobalSection
	GlobalSection(SolutionProperties) = preSolution
		HideSolutionNode = FALSE
	EndGlobalSection
	GlobalSection(NestedProjects) = preSolution
		{4140DAEB-CFAB-4DB1-B6B1-652B3F4EB935} = {4B1A9DED-145F-4A4C-8A3C-E0854160841A}
		{DD5FEE69-5164-4B40-AAF8-4DD21AFF4164} = {CD304772-6D53-45D7-B3CB-D341D3FC5287}
		{EA8F1658-1477-4268-90CD-1B29DDF5326F} = {24250C9C-0FCE-4EBB-9F7D-AB7C27F688CD}
		{8C29F581-5609-4AFC-9B7C-9BF069E023C9} = {CD304772-6D53-45D7-B3CB-D341D3FC5287}
		{9EED9077-AFC8-460F-9CBA-75ADC51C3D63} = {CD304772-6D53-45D7-B3CB-D341D3FC5287}
		{56BF1FE6-EBA8-4803-B8A6-434D0D7BF5F1} = {CD304772-6D53-45D7-B3CB-D341D3FC5287}
		{CD304772-6D53-45D7-B3CB-D341D3FC5287} = {304E7D2E-E047-4F1D-A4E6-8C903D845E4E}
		{24250C9C-0FCE-4EBB-9F7D-AB7C27F688CD} = {304E7D2E-E047-4F1D-A4E6-8C903D845E4E}
		{3200F009-C236-4886-B791-5122EB718460} = {24250C9C-0FCE-4EBB-9F7D-AB7C27F688CD}
		{EE754499-56EE-4009-8C74-D9A871CB82BD} = {24250C9C-0FCE-4EBB-9F7D-AB7C27F688CD}
		{89741063-1EEB-4F12-9004-9AF4E715C5CF} = {24250C9C-0FCE-4EBB-9F7D-AB7C27F688CD}
	EndGlobalSection
EndGlobal
